
Microsoft Visual Studio Solution File, Format Version 12.00
# Visual Studio Version 17
VisualStudioVersion = 17.14.36930.0 d17.14
MinimumVisualStudioVersion = 10.0.40219.1
Project("{FAE04EC0-301F-11D3-BF4B-00C04F79EFBC}") = "Notifications", "Notifications.csproj", "{A1E104F8-F495-42A3-AFC0-B225594D2895}"
EndProject
Global
	GlobalSection(SolutionConfigurationPlatforms) = preSolution
		Debug|Any CPU = Debug|Any CPU
		Release|Any CPU = Release|Any CPU
	EndGlobalSection
	GlobalSection(ProjectConfigurationPlatforms) = postSolution
		{A1E104F8-F495-42A3-AFC0-B225594D2895}.Debug|Any CPU.ActiveCfg = Debug|Any CPU
		{A1E104F8-F495-42A3-AFC0-B225594D2895}.Debug|Any CPU.Build.0 = Debug|Any CPU
		{A1E104F8-F495-42A3-AFC0-B225594D2895}.Release|Any CPU.ActiveCfg = Release|Any CPU
		{A1E104F8-F495-42A3-AFC0-B225594D2895}.Release|Any CPU.Build.0 = Release|Any CPU
	EndGlobalSection
	GlobalSection(SolutionProperties) = preSolution
		HideSolutionNode = FALSE
	EndGlobalSection
	GlobalSection(ExtensibilityGlobals) = postSolution
		SolutionGuid = {92172356-8B93-4C08-B36B-96A42DC76228}
	EndGlobalSection
EndGlobal
